
Microsoft Visual Studio Solution File, Format Version 12.00
# Visual Studio Version 17
VisualStudioVersion = 17.0.31903.59
MinimumVisualStudioVersion = 10.0.40219.1
Project("{8BC9CEB8-8B4A-11D0-8D11-00A0C91BC942}") = "ORBIScrude", "ORBIScrude.vcxproj", "{55B9631A-FC15-4ED1-BB47-781E50CA1444}"
	ProjectSection(ProjectDependencies) = postProject
		{FCC79066-3419-4213-B799-5ABCE19756B2} = {FCC79066-3419-4213-B799-5ABCE19756B2}
	EndProjectSection
EndProject
Project("{2150E333-8FDC-42A3-9474-1A3956D46DE8}") = "Plugins", "Plugins", "{609DDA61-903B-4F24-A6AA-1ABF6E9D0EBF}"
EndProject
Project("{8BC9CEB8-8B4A-11D0-8D11-00A0C91BC942}") = "sound_plugin", "plugins\sound\sound_plugin.vcxproj", "{BC2DCA10-28DA-4532-B584-74A8CE95E7EA}"
EndProject
Project("{8BC9CEB8-8B4A-11D0-8D11-00A0C91BC942}") = "mp3_plugin", "plugins\mp3_plugin\mp3_plugin.vcxproj", "{E58A81A3-9B0A-4204-80AF-ECC9312FE963}"
EndProject
Project("{8BC9CEB8-8B4A-11D0-8D11-00A0C91BC942}") = "vag_plugin", "plugins\vag_plugin\vag_plugin.vcxproj", "{920134AF-FBF5-4EEF-9445-725DB6065A5A}"
EndProject
Project("{8BC9CEB8-8B4A-11D0-8D11-00A0C91BC942}") = "psd_plugin", "plugins\psd_plugin\psd_plugin.vcxproj", "{271FB450-B9D1-45D2-8446-3573B30EA07B}"
EndProject
Project("{E24C65DC-7377-472B-9ABA-BC803B73C61A}") = "website", "http://localhost:23730", "{9D7854DD-017F-4081-B31A-EE615DC95EEE}"
	ProjectSection(WebsiteProperties) = preProject
		SccProjectName = "Svn"
		SccAuxPath = "Svn"
		SccLocalPath = "Svn"
		SccProvider = "SubversionScc"
		UseIISExpress = "true"
		TargetFrameworkMoniker = ".NETFramework,Version%3Dv4.0"
		Debug.AspNetCompiler.VirtualPath = "/website"
		Debug.AspNetCompiler.PhysicalPath = "website\"
		Debug.AspNetCompiler.TargetPath = "PrecompiledWeb\website\"
		Debug.AspNetCompiler.Updateable = "true"
		Debug.AspNetCompiler.ForceOverwrite = "true"
		Debug.AspNetCompiler.FixedNames = "false"
		Debug.AspNetCompiler.Debug = "True"
		Release.AspNetCompiler.VirtualPath = "/website"
		Release.AspNetCompiler.PhysicalPath = "website\"
		Release.AspNetCompiler.TargetPath = "PrecompiledWeb\website\"
		Release.AspNetCompiler.Updateable = "true"
		Release.AspNetCompiler.ForceOverwrite = "true"
		Release.AspNetCompiler.FixedNames = "false"
		Release.AspNetCompiler.Debug = "False"
		SlnRelativePath = "website\"
	EndProjectSection
	ProjectSection(SvnOrigin) = preProject
		@Keys = Enlist,Svn.Uri
		Enlist = Required
		Svn.Uri = website/
	EndProjectSection
EndProject
Project("{2150E333-8FDC-42A3-9474-1A3956D46DE8}") = "Targets", "Targets", "{C49D5BA9-F323-4C26-BB27-6138F946949D}"
EndProject
Project("{2150E333-8FDC-42A3-9474-1A3956D46DE8}") = "ps4", "ps4", "{EDE41140-9E35-4D23-BFB0-E16F6B8BA757}"
EndProject
Project("{2150E333-8FDC-42A3-9474-1A3956D46DE8}") = "dx12", "dx12", "{C971A675-EE45-4E9A-89D4-00F613A32FD0}"
EndProject
Project("{8BC9CEB8-8B4A-11D0-8D11-00A0C91BC942}") = "dx12_dll", "shared\isoeditor\viewers\dx12\dx12_dll.vcxproj", "{09AA2ADA-63F2-4D68-BC6D-70B7C9B4AD3A}"
EndProject
Project("{2150E333-8FDC-42A3-9474-1A3956D46DE8}") = "ps3", "ps3", "{7F3C1FC9-7522-4C8E-BCC9-CD5757D27E8C}"
EndProject
Project("{8BC9CEB8-8B4A-11D0-8D11-00A0C91BC942}") = "ps3_view", "shared\isoeditor\viewers\ps3\ps3_view.vcxproj", "{1CC0E985-04E9-4E40-9772-78D78BFE3686}"
EndProject
Project("{8BC9CEB8-8B4A-11D0-8D11-00A0C91BC942}") = "ps4_view", "shared\isoeditor\viewers\ps4\ps4_view.vcxproj", "{A9FBEE41-CDD8-454E-BBFA-56FE3BAED8DB}"
EndProject
Project("{8BC9CEB8-8B4A-11D0-8D11-00A0C91BC942}") = "dx12_view", "shared\isoeditor\viewers\dx12\dx12_view.vcxproj", "{B2D25DFE-6A42-426A-9B0A-55E578EFC805}"
EndProject
Project("{8BC9CEB8-8B4A-11D0-8D11-00A0C91BC942}") = "ps4_replay", "shared\isoeditor\viewers\ps4\ps4_replay\ps4_replay.vcxproj", "{12EC73FB-413B-406C-8B2F-0220EF3C9988}"
EndProject
Project("{2150E333-8FDC-42A3-9474-1A3956D46DE8}") = "dx11", "dx11", "{AD7F7A9E-CA13-4E51-A09D-C8EE3B0009BA}"
EndProject
Project("{8BC9CEB8-8B4A-11D0-8D11-00A0C91BC942}") = "dx11_view", "shared\isoeditor\viewers\dx11\dx11_view.vcxproj", "{5D3241C2-DC0B-4036-A36F-2261ECF45D7F}"
EndProject
Project("{8BC9CEB8-8B4A-11D0-8D11-00A0C91BC942}") = "dx11_dll", "shared\isoeditor\viewers\dx11\dx11_dll.vcxproj", "{9C7F3185-6E22-4371-9111-7DD198349FB5}"
EndProject
Project("{8BC9CEB8-8B4A-11D0-8D11-00A0C91BC942}") = "lib", "lib\lib.vcxproj", "{63FFE154-CB02-4A3E-B1DD-09E76C2BAFDA}"
EndProject
Project("{8BC9CEB8-8B4A-11D0-8D11-00A0C91BC942}") = "dx_shared", "shared\isoeditor\viewers\dx_shared\dx_shared.vcxproj", "{46314FDC-1F1B-4EE2-ACD2-621A4E4891FE}"
EndProject
Project("{8BC9CEB8-8B4A-11D0-8D11-00A0C91BC942}") = "unittests", "shared\unittests\unittests.vcxproj", "{D8A6A236-B32D-4E24-9938-0AF7A0FA7688}"
EndProject
Project("{8BC9CEB8-8B4A-11D0-8D11-00A0C91BC942}") = "pc", "shared\platforms\pc\pc.vcxproj", "{5EE2CA48-2C12-423B-994B-E65E18E34ED1}"
EndProject
Project("{2150E333-8FDC-42A3-9474-1A3956D46DE8}") = "wii", "wii", "{D9E8D085-40B3-40C0-876E-18A6F9965E84}"
EndProject
Project("{8BC9CEB8-8B4A-11D0-8D11-00A0C91BC942}") = "view_wii", "shared\isoeditor\viewers\wii\view_wii.vcxproj", "{0A522767-A189-4BDC-9D61-BA30C32C2353}"
EndProject
Project("{2150E333-8FDC-42A3-9474-1A3956D46DE8}") = "props", "props", "{9E5660DE-F7D5-4CCD-BBE9-3896E22E1789}"
	ProjectSection(SolutionItems) = preProject
		.clang-format = .clang-format
		shared\isocmd.props = shared\isocmd.props
		shared\isopod.natvis = shared\isopod.natvis
		isopod.props = isopod.props
		sdk\SCE\ORBIS SDKs\6.000\orbis.props = sdk\SCE\ORBIS SDKs\6.000\orbis.props
		sdk\SCE\ps3tmapi\ps3tmapi.props = sdk\SCE\ps3tmapi\ps3tmapi.props
		shared\shared.props = shared\shared.props
		shared\toolset.props = shared\toolset.props
	EndProjectSection
EndProject
Project("{2150E333-8FDC-42A3-9474-1A3956D46DE8}") = "Utilities", "Utilities", "{676839F4-9916-4A68-A5EC-580C6098F7B7}"
EndProject
Project("{8BC9CEB8-8B4A-11D0-8D11-00A0C91BC942}") = "mergeres", "shared\utilities\mergeres\mergeres.vcxproj", "{28FB137F-B96C-475D-9257-64CCFCD75A10}"
EndProject
Project("{2150E333-8FDC-42A3-9474-1A3956D46DE8}") = "xone", "xone", "{A8C0C529-2E98-4C8B-8119-F8F846CC816E}"
EndProject
Project("{8BC9CEB8-8B4A-11D0-8D11-00A0C91BC942}") = "xone_view", "shared\isoeditor\viewers\xone\xone_view.vcxproj", "{8AA5E8F8-A19D-4504-8C81-31F7742850D7}"
EndProject
Project("{2150E333-8FDC-42A3-9474-1A3956D46DE8}") = "x64", "x64", "{3543BB45-80AE-4173-B45A-083DA38F5C12}"
EndProject
Project("{8BC9CEB8-8B4A-11D0-8D11-00A0C91BC942}") = "view_x64", "shared\isoeditor\viewers\x64\view_x64.vcxproj", "{FCC79066-3419-4213-B799-5ABCE19756B2}"
EndProject
Project("{8BC9CEB8-8B4A-11D0-8D11-00A0C91BC942}") = "cgclib", "shared\cgc\cgclib.vcxproj", "{0026E7AE-F735-4D2F-96D8-FFBA432EC821}"
EndProject
Project("{8BC9CEB8-8B4A-11D0-8D11-00A0C91BC942}") = "IsoCmd", "shared\isocmd\isocmd.vcxproj", "{485A3589-9D67-40FD-AC9F-892B8246DC67}"
EndProject
Global
	GlobalSection(SolutionConfigurationPlatforms) = preSolution
		Debug|ARM = Debug|ARM
		Debug|clang = Debug|clang
		Debug|DirectX11 = Debug|DirectX11
		Debug|x64 = Debug|x64
		Debug|x86 = Debug|x86
		Release|ARM = Release|ARM
		Release|clang = Release|clang
		Release|DirectX11 = Release|DirectX11
		Release|x64 = Release|x64
		Release|x86 = Release|x86
	EndGlobalSection
	GlobalSection(ProjectConfigurationPlatforms) = postSolution
		{55B9631A-FC15-4ED1-BB47-781E50CA1444}.Debug|ARM.ActiveCfg = Debug|Win32
		{55B9631A-FC15-4ED1-BB47-781E50CA1444}.Debug|clang.ActiveCfg = DebugDX11-clang|x64
		{55B9631A-FC15-4ED1-BB47-781E50CA1444}.Debug|clang.Build.0 = DebugDX11-clang|x64
		{55B9631A-FC15-4ED1-BB47-781E50CA1444}.Debug|DirectX11.ActiveCfg = DebugDX11|x64
		{55B9631A-FC15-4ED1-BB47-781E50CA1444}.Debug|DirectX11.Build.0 = DebugDX11|x64
		{55B9631A-FC15-4ED1-BB47-781E50CA1444}.Debug|x64.ActiveCfg = DebugDX11|x64
		{55B9631A-FC15-4ED1-BB47-781E50CA1444}.Debug|x64.Build.0 = DebugDX11|x64
		{55B9631A-FC15-4ED1-BB47-781E50CA1444}.Debug|x86.ActiveCfg = Debug|Win32
		{55B9631A-FC15-4ED1-BB47-781E50CA1444}.Debug|x86.Build.0 = Debug|Win32
		{55B9631A-FC15-4ED1-BB47-781E50CA1444}.Release|ARM.ActiveCfg = Release|Win32
		{55B9631A-FC15-4ED1-BB47-781E50CA1444}.Release|clang.ActiveCfg = ReleaseDX11-clang|x64
		{55B9631A-FC15-4ED1-BB47-781E50CA1444}.Release|clang.Build.0 = ReleaseDX11-clang|x64
		{55B9631A-FC15-4ED1-BB47-781E50CA1444}.Release|DirectX11.ActiveCfg = ReleaseDX11|x64
		{55B9631A-FC15-4ED1-BB47-781E50CA1444}.Release|DirectX11.Build.0 = ReleaseDX11|x64
		{55B9631A-FC15-4ED1-BB47-781E50CA1444}.Release|x64.ActiveCfg = ReleaseDX11|x64
		{55B9631A-FC15-4ED1-BB47-781E50CA1444}.Release|x64.Build.0 = ReleaseDX11|x64
		{55B9631A-FC15-4ED1-BB47-781E50CA1444}.Release|x86.ActiveCfg = Release|Win32
		{55B9631A-FC15-4ED1-BB47-781E50CA1444}.Release|x86.Build.0 = Release|Win32
		{BC2DCA10-28DA-4532-B584-74A8CE95E7EA}.Debug|ARM.ActiveCfg = Debug|Win32
		{BC2DCA10-28DA-4532-B584-74A8CE95E7EA}.Debug|clang.ActiveCfg = Debug|x64
		{BC2DCA10-28DA-4532-B584-74A8CE95E7EA}.Debug|clang.Build.0 = Debug|x64
		{BC2DCA10-28DA-4532-B584-74A8CE95E7EA}.Debug|clang.Deploy.0 = Debug|x64
		{BC2DCA10-28DA-4532-B584-74A8CE95E7EA}.Debug|DirectX11.ActiveCfg = Debug|x64
		{BC2DCA10-28DA-4532-B584-74A8CE95E7EA}.Debug|DirectX11.Build.0 = Debug|x64
		{BC2DCA10-28DA-4532-B584-74A8CE95E7EA}.Debug|x64.ActiveCfg = Debug|x64
		{BC2DCA10-28DA-4532-B584-74A8CE95E7EA}.Debug|x64.Build.0 = Debug|x64
		{BC2DCA10-28DA-4532-B584-74A8CE95E7EA}.Debug|x64.Deploy.0 = Debug|x64
		{BC2DCA10-28DA-4532-B584-74A8CE95E7EA}.Debug|x86.ActiveCfg = Debug|Win32
		{BC2DCA10-28DA-4532-B584-74A8CE95E7EA}.Debug|x86.Build.0 = Debug|Win32
		{BC2DCA10-28DA-4532-B584-74A8CE95E7EA}.Debug|x86.Deploy.0 = Debug|Win32
		{BC2DCA10-28DA-4532-B584-74A8CE95E7EA}.Release|ARM.ActiveCfg = Release|Win32
		{BC2DCA10-28DA-4532-B584-74A8CE95E7EA}.Release|clang.ActiveCfg = Release|x64
		{BC2DCA10-28DA-4532-B584-74A8CE95E7EA}.Release|clang.Build.0 = Release|x64
		{BC2DCA10-28DA-4532-B584-74A8CE95E7EA}.Release|clang.Deploy.0 = Release|x64
		{BC2DCA10-28DA-4532-B584-74A8CE95E7EA}.Release|DirectX11.ActiveCfg = Release|x64
		{BC2DCA10-28DA-4532-B584-74A8CE95E7EA}.Release|DirectX11.Build.0 = Release|x64
		{BC2DCA10-28DA-4532-B584-74A8CE95E7EA}.Release|x64.ActiveCfg = Release|x64
		{BC2DCA10-28DA-4532-B584-74A8CE95E7EA}.Release|x64.Build.0 = Release|x64
		{BC2DCA10-28DA-4532-B584-74A8CE95E7EA}.Release|x64.Deploy.0 = Release|x64
		{BC2DCA10-28DA-4532-B584-74A8CE95E7EA}.Release|x86.ActiveCfg = Release|Win32
		{BC2DCA10-28DA-4532-B584-74A8CE95E7EA}.Release|x86.Build.0 = Release|Win32
		{BC2DCA10-28DA-4532-B584-74A8CE95E7EA}.Release|x86.Deploy.0 = Release|Win32
		{E58A81A3-9B0A-4204-80AF-ECC9312FE963}.Debug|ARM.ActiveCfg = Debug|Win32
		{E58A81A3-9B0A-4204-80AF-ECC9312FE963}.Debug|clang.ActiveCfg = Debug|x64
		{E58A81A3-9B0A-4204-80AF-ECC9312FE963}.Debug|clang.Build.0 = Debug|x64
		{E58A81A3-9B0A-4204-80AF-ECC9312FE963}.Debug|clang.Deploy.0 = Debug|x64
		{E58A81A3-9B0A-4204-80AF-ECC9312FE963}.Debug|DirectX11.ActiveCfg = Debug|x64
		{E58A81A3-9B0A-4204-80AF-ECC9312FE963}.Debug|DirectX11.Build.0 = Debug|x64
		{E58A81A3-9B0A-4204-80AF-ECC9312FE963}.Debug|x64.ActiveCfg = Debug|x64
		{E58A81A3-9B0A-4204-80AF-ECC9312FE963}.Debug|x64.Build.0 = Debug|x64
		{E58A81A3-9B0A-4204-80AF-ECC9312FE963}.Debug|x64.Deploy.0 = Debug|x64
		{E58A81A3-9B0A-4204-80AF-ECC9312FE963}.Debug|x86.ActiveCfg = Debug|Win32
		{E58A81A3-9B0A-4204-80AF-ECC9312FE963}.Debug|x86.Build.0 = Debug|Win32
		{E58A81A3-9B0A-4204-80AF-ECC9312FE963}.Debug|x86.Deploy.0 = Debug|Win32
		{E58A81A3-9B0A-4204-80AF-ECC9312FE963}.Release|ARM.ActiveCfg = Release|Win32
		{E58A81A3-9B0A-4204-80AF-ECC9312FE963}.Release|clang.ActiveCfg = Release|x64
		{E58A81A3-9B0A-4204-80AF-ECC9312FE963}.Release|clang.Build.0 = Release|x64
		{E58A81A3-9B0A-4204-80AF-ECC9312FE963}.Release|clang.Deploy.0 = Release|x64
		{E58A81A3-9B0A-4204-80AF-ECC9312FE963}.Release|DirectX11.ActiveCfg = Release|x64
		{E58A81A3-9B0A-4204-80AF-ECC9312FE963}.Release|DirectX11.Build.0 = Release|x64
		{E58A81A3-9B0A-4204-80AF-ECC9312FE963}.Release|x64.ActiveCfg = Release|x64
		{E58A81A3-9B0A-4204-80AF-ECC9312FE963}.Release|x64.Build.0 = Release|x64
		{E58A81A3-9B0A-4204-80AF-ECC9312FE963}.Release|x64.Deploy.0 = Release|x64
		{E58A81A3-9B0A-4204-80AF-ECC9312FE963}.Release|x86.ActiveCfg = Release|Win32
		{E58A81A3-9B0A-4204-80AF-ECC9312FE963}.Release|x86.Build.0 = Release|Win32
		{E58A81A3-9B0A-4204-80AF-ECC9312FE963}.Release|x86.Deploy.0 = Release|Win32
		{920134AF-FBF5-4EEF-9445-725DB6065A5A}.Debug|ARM.ActiveCfg = Debug|Win32
		{920134AF-FBF5-4EEF-9445-725DB6065A5A}.Debug|clang.ActiveCfg = Debug|x64
		{920134AF-FBF5-4EEF-9445-725DB6065A5A}.Debug|clang.Build.0 = Debug|x64
		{920134AF-FBF5-4EEF-9445-725DB6065A5A}.Debug|clang.Deploy.0 = Debug|x64
		{920134AF-FBF5-4EEF-9445-725DB6065A5A}.Debug|DirectX11.ActiveCfg = Debug|x64
		{920134AF-FBF5-4EEF-9445-725DB6065A5A}.Debug|DirectX11.Build.0 = Debug|x64
		{920134AF-FBF5-4EEF-9445-725DB6065A5A}.Debug|x64.ActiveCfg = Debug|x64
		{920134AF-FBF5-4EEF-9445-725DB6065A5A}.Debug|x64.Build.0 = Debug|x64
		{920134AF-FBF5-4EEF-9445-725DB6065A5A}.Debug|x64.Deploy.0 = Debug|x64
		{920134AF-FBF5-4EEF-9445-725DB6065A5A}.Debug|x86.ActiveCfg = Debug|Win32
		{920134AF-FBF5-4EEF-9445-725DB6065A5A}.Debug|x86.Build.0 = Debug|Win32
		{920134AF-FBF5-4EEF-9445-725DB6065A5A}.Debug|x86.Deploy.0 = Debug|Win32
		{920134AF-FBF5-4EEF-9445-725DB6065A5A}.Release|ARM.ActiveCfg = Release|Win32
		{920134AF-FBF5-4EEF-9445-725DB6065A5A}.Release|clang.ActiveCfg = Release|x64
		{920134AF-FBF5-4EEF-9445-725DB6065A5A}.Release|clang.Build.0 = Release|x64
		{920134AF-FBF5-4EEF-9445-725DB6065A5A}.Release|clang.Deploy.0 = Release|x64
		{920134AF-FBF5-4EEF-9445-725DB6065A5A}.Release|DirectX11.ActiveCfg = Release|x64
		{920134AF-FBF5-4EEF-9445-725DB6065A5A}.Release|DirectX11.Build.0 = Release|x64
		{920134AF-FBF5-4EEF-9445-725DB6065A5A}.Release|x64.ActiveCfg = Release|x64
		{920134AF-FBF5-4EEF-9445-725DB6065A5A}.Release|x64.Build.0 = Release|x64
		{920134AF-FBF5-4EEF-9445-725DB6065A5A}.Release|x64.Deploy.0 = Release|x64
		{920134AF-FBF5-4EEF-9445-725DB6065A5A}.Release|x86.ActiveCfg = Release|Win32
		{920134AF-FBF5-4EEF-9445-725DB6065A5A}.Release|x86.Build.0 = Release|Win32
		{920134AF-FBF5-4EEF-9445-725DB6065A5A}.Release|x86.Deploy.0 = Release|Win32
		{271FB450-B9D1-45D2-8446-3573B30EA07B}.Debug|ARM.ActiveCfg = Debug|Win32
		{271FB450-B9D1-45D2-8446-3573B30EA07B}.Debug|clang.ActiveCfg = DebugDX11|x64
		{271FB450-B9D1-45D2-8446-3573B30EA07B}.Debug|clang.Build.0 = DebugDX11|x64
		{271FB450-B9D1-45D2-8446-3573B30EA07B}.Debug|clang.Deploy.0 = DebugDX11|x64
		{271FB450-B9D1-45D2-8446-3573B30EA07B}.Debug|DirectX11.ActiveCfg = Debug|x64
		{271FB450-B9D1-45D2-8446-3573B30EA07B}.Debug|DirectX11.Build.0 = Debug|x64
		{271FB450-B9D1-45D2-8446-3573B30EA07B}.Debug|x64.ActiveCfg = DebugDX11|x64
		{271FB450-B9D1-45D2-8446-3573B30EA07B}.Debug|x64.Build.0 = DebugDX11|x64
		{271FB450-B9D1-45D2-8446-3573B30EA07B}.Debug|x64.Deploy.0 = DebugDX11|x64
		{271FB450-B9D1-45D2-8446-3573B30EA07B}.Debug|x86.ActiveCfg = Debug|Win32
		{271FB450-B9D1-45D2-8446-3573B30EA07B}.Debug|x86.Build.0 = Debug|Win32
		{271FB450-B9D1-45D2-8446-3573B30EA07B}.Debug|x86.Deploy.0 = Debug|Win32
		{271FB450-B9D1-45D2-8446-3573B30EA07B}.Release|ARM.ActiveCfg = Release|Win32
		{271FB450-B9D1-45D2-8446-3573B30EA07B}.Release|clang.ActiveCfg = Release|x64
		{271FB450-B9D1-45D2-8446-3573B30EA07B}.Release|clang.Build.0 = Release|x64
		{271FB450-B9D1-45D2-8446-3573B30EA07B}.Release|clang.Deploy.0 = Release|x64
		{271FB450-B9D1-45D2-8446-3573B30EA07B}.Release|DirectX11.ActiveCfg = Release|x64
		{271FB450-B9D1-45D2-8446-3573B30EA07B}.Release|DirectX11.Build.0 = Release|x64
		{271FB450-B9D1-45D2-8446-3573B30EA07B}.Release|x64.ActiveCfg = Release|x64
		{271FB450-B9D1-45D2-8446-3573B30EA07B}.Release|x64.Build.0 = Release|x64
		{271FB450-B9D1-45D2-8446-3573B30EA07B}.Release|x64.Deploy.0 = Release|x64
		{271FB450-B9D1-45D2-8446-3573B30EA07B}.Release|x86.ActiveCfg = Release|Win32
		{271FB450-B9D1-45D2-8446-3573B30EA07B}.Release|x86.Build.0 = Release|Win32
		{271FB450-B9D1-45D2-8446-3573B30EA07B}.Release|x86.Deploy.0 = Release|Win32
		{9D7854DD-017F-4081-B31A-EE615DC95EEE}.Debug|ARM.ActiveCfg = Debug|Any CPU
		{9D7854DD-017F-4081-B31A-EE615DC95EEE}.Debug|ARM.Build.0 = Debug|Any CPU
		{9D7854DD-017F-4081-B31A-EE615DC95EEE}.Debug|clang.ActiveCfg = Debug|Any CPU
		{9D7854DD-017F-4081-B31A-EE615DC95EEE}.Debug|clang.Build.0 = Debug|Any CPU
		{9D7854DD-017F-4081-B31A-EE615DC95EEE}.Debug|DirectX11.ActiveCfg = Debug|Any CPU
		{9D7854DD-017F-4081-B31A-EE615DC95EEE}.Debug|x64.ActiveCfg = Debug|Any CPU
		{9D7854DD-017F-4081-B31A-EE615DC95EEE}.Debug|x64.Build.0 = Debug|Any CPU
		{9D7854DD-017F-4081-B31A-EE615DC95EEE}.Debug|x86.ActiveCfg = Debug|Any CPU
		{9D7854DD-017F-4081-B31A-EE615DC95EEE}.Debug|x86.Build.0 = Debug|Any CPU
		{9D7854DD-017F-4081-B31A-EE615DC95EEE}.Release|ARM.ActiveCfg = Debug|Any CPU
		{9D7854DD-017F-4081-B31A-EE615DC95EEE}.Release|ARM.Build.0 = Debug|Any CPU
		{9D7854DD-017F-4081-B31A-EE615DC95EEE}.Release|clang.ActiveCfg = Debug|Any CPU
		{9D7854DD-017F-4081-B31A-EE615DC95EEE}.Release|clang.Build.0 = Debug|Any CPU
		{9D7854DD-017F-4081-B31A-EE615DC95EEE}.Release|DirectX11.ActiveCfg = Debug|Any CPU
		{9D7854DD-017F-4081-B31A-EE615DC95EEE}.Release|x64.ActiveCfg = Debug|Any CPU
		{9D7854DD-017F-4081-B31A-EE615DC95EEE}.Release|x64.Build.0 = Debug|Any CPU
		{9D7854DD-017F-4081-B31A-EE615DC95EEE}.Release|x86.ActiveCfg = Debug|Any CPU
		{9D7854DD-017F-4081-B31A-EE615DC95EEE}.Release|x86.Build.0 = Debug|Any CPU
		{09AA2ADA-63F2-4D68-BC6D-70B7C9B4AD3A}.Debug|ARM.ActiveCfg = Debug|Win32
		{09AA2ADA-63F2-4D68-BC6D-70B7C9B4AD3A}.Debug|clang.ActiveCfg = Debug-clang|x64
		{09AA2ADA-63F2-4D68-BC6D-70B7C9B4AD3A}.Debug|clang.Build.0 = Debug-clang|x64
		{09AA2ADA-63F2-4D68-BC6D-70B7C9B4AD3A}.Debug|clang.Deploy.0 = Debug-clang|x64
		{09AA2ADA-63F2-4D68-BC6D-70B7C9B4AD3A}.Debug|DirectX11.ActiveCfg = Debug|x64
		{09AA2ADA-63F2-4D68-BC6D-70B7C9B4AD3A}.Debug|DirectX11.Build.0 = Debug|x64
		{09AA2ADA-63F2-4D68-BC6D-70B7C9B4AD3A}.Debug|x64.ActiveCfg = Debug|x64
		{09AA2ADA-63F2-4D68-BC6D-70B7C9B4AD3A}.Debug|x64.Build.0 = Debug|x64
		{09AA2ADA-63F2-4D68-BC6D-70B7C9B4AD3A}.Debug|x64.Deploy.0 = Debug|x64
		{09AA2ADA-63F2-4D68-BC6D-70B7C9B4AD3A}.Debug|x86.ActiveCfg = Debug|Win32
		{09AA2ADA-63F2-4D68-BC6D-70B7C9B4AD3A}.Debug|x86.Build.0 = Debug|Win32
		{09AA2ADA-63F2-4D68-BC6D-70B7C9B4AD3A}.Debug|x86.Deploy.0 = Debug|Win32
		{09AA2ADA-63F2-4D68-BC6D-70B7C9B4AD3A}.Release|ARM.ActiveCfg = Release|Win32
		{09AA2ADA-63F2-4D68-BC6D-70B7C9B4AD3A}.Release|clang.ActiveCfg = Release-clang|x64
		{09AA2ADA-63F2-4D68-BC6D-70B7C9B4AD3A}.Release|clang.Build.0 = Release-clang|x64
		{09AA2ADA-63F2-4D68-BC6D-70B7C9B4AD3A}.Release|clang.Deploy.0 = Release-clang|x64
		{09AA2ADA-63F2-4D68-BC6D-70B7C9B4AD3A}.Release|DirectX11.ActiveCfg = Release|x64
		{09AA2ADA-63F2-4D68-BC6D-70B7C9B4AD3A}.Release|DirectX11.Build.0 = Release|x64
		{09AA2ADA-63F2-4D68-BC6D-70B7C9B4AD3A}.Release|x64.ActiveCfg = Release|x64
		{09AA2ADA-63F2-4D68-BC6D-70B7C9B4AD3A}.Release|x64.Build.0 = Release|x64
		{09AA2ADA-63F2-4D68-BC6D-70B7C9B4AD3A}.Release|x64.Deploy.0 = Release|x64
		{09AA2ADA-63F2-4D68-BC6D-70B7C9B4AD3A}.Release|x86.ActiveCfg = Release|Win32
		{09AA2ADA-63F2-4D68-BC6D-70B7C9B4AD3A}.Release|x86.Build.0 = Release|Win32
		{09AA2ADA-63F2-4D68-BC6D-70B7C9B4AD3A}.Release|x86.Deploy.0 = Release|Win32
		{1CC0E985-04E9-4E40-9772-78D78BFE3686}.Debug|ARM.ActiveCfg = Debug|Win32
		{1CC0E985-04E9-4E40-9772-78D78BFE3686}.Debug|clang.ActiveCfg = DebugDX11-clang|x64
		{1CC0E985-04E9-4E40-9772-78D78BFE3686}.Debug|clang.Build.0 = DebugDX11-clang|x64
		{1CC0E985-04E9-4E40-9772-78D78BFE3686}.Debug|clang.Deploy.0 = DebugDX11-clang|x64
		{1CC0E985-04E9-4E40-9772-78D78BFE3686}.Debug|DirectX11.ActiveCfg = DebugDX11|x64
		{1CC0E985-04E9-4E40-9772-78D78BFE3686}.Debug|DirectX11.Build.0 = DebugDX11|x64
		{1CC0E985-04E9-4E40-9772-78D78BFE3686}.Debug|x64.ActiveCfg = DebugDX11|x64
		{1CC0E985-04E9-4E40-9772-78D78BFE3686}.Debug|x64.Build.0 = DebugDX11|x64
		{1CC0E985-04E9-4E40-9772-78D78BFE3686}.Debug|x64.Deploy.0 = DebugDX11|x64
		{1CC0E985-04E9-4E40-9772-78D78BFE3686}.Debug|x86.ActiveCfg = Debug|Win32
		{1CC0E985-04E9-4E40-9772-78D78BFE3686}.Debug|x86.Build.0 = Debug|Win32
		{1CC0E985-04E9-4E40-9772-78D78BFE3686}.Debug|x86.Deploy.0 = Debug|Win32
		{1CC0E985-04E9-4E40-9772-78D78BFE3686}.Release|ARM.ActiveCfg = Release|Win32
		{1CC0E985-04E9-4E40-9772-78D78BFE3686}.Release|clang.ActiveCfg = ReleaseDX11-clang|x64
		{1CC0E985-04E9-4E40-9772-78D78BFE3686}.Release|clang.Build.0 = ReleaseDX11-clang|x64
		{1CC0E985-04E9-4E40-9772-78D78BFE3686}.Release|clang.Deploy.0 = ReleaseDX11-clang|x64
		{1CC0E985-04E9-4E40-9772-78D78BFE3686}.Release|DirectX11.ActiveCfg = ReleaseDX11|x64
		{1CC0E985-04E9-4E40-9772-78D78BFE3686}.Release|DirectX11.Build.0 = ReleaseDX11|x64
		{1CC0E985-04E9-4E40-9772-78D78BFE3686}.Release|x64.ActiveCfg = ReleaseDX11|x64
		{1CC0E985-04E9-4E40-9772-78D78BFE3686}.Release|x64.Build.0 = ReleaseDX11|x64
		{1CC0E985-04E9-4E40-9772-78D78BFE3686}.Release|x64.Deploy.0 = ReleaseDX11|x64
		{1CC0E985-04E9-4E40-9772-78D78BFE3686}.Release|x86.ActiveCfg = Release|Win32
		{1CC0E985-04E9-4E40-9772-78D78BFE3686}.Release|x86.Build.0 = Release|Win32
		{1CC0E985-04E9-4E40-9772-78D78BFE3686}.Release|x86.Deploy.0 = Release|Win32
		{A9FBEE41-CDD8-454E-BBFA-56FE3BAED8DB}.Debug|ARM.ActiveCfg = ReleaseDX11|Win32
		{A9FBEE41-CDD8-454E-BBFA-56FE3BAED8DB}.Debug|ARM.Build.0 = ReleaseDX11|Win32
		{A9FBEE41-CDD8-454E-BBFA-56FE3BAED8DB}.Debug|clang.ActiveCfg = DebugDX11-clang|x64
		{A9FBEE41-CDD8-454E-BBFA-56FE3BAED8DB}.Debug|clang.Build.0 = DebugDX11-clang|x64
		{A9FBEE41-CDD8-454E-BBFA-56FE3BAED8DB}.Debug|DirectX11.ActiveCfg = DebugDX11|x64
		{A9FBEE41-CDD8-454E-BBFA-56FE3BAED8DB}.Debug|DirectX11.Build.0 = DebugDX11|x64
		{A9FBEE41-CDD8-454E-BBFA-56FE3BAED8DB}.Debug|x64.ActiveCfg = DebugDX11|x64
		{A9FBEE41-CDD8-454E-BBFA-56FE3BAED8DB}.Debug|x64.Build.0 = DebugDX11|x64
		{A9FBEE41-CDD8-454E-BBFA-56FE3BAED8DB}.Debug|x86.ActiveCfg = DebugDX11|Win32
		{A9FBEE41-CDD8-454E-BBFA-56FE3BAED8DB}.Debug|x86.Build.0 = DebugDX11|Win32
		{A9FBEE41-CDD8-454E-BBFA-56FE3BAED8DB}.Release|ARM.ActiveCfg = ReleaseDX11|Win32
		{A9FBEE41-CDD8-454E-BBFA-56FE3BAED8DB}.Release|ARM.Build.0 = ReleaseDX11|Win32
		{A9FBEE41-CDD8-454E-BBFA-56FE3BAED8DB}.Release|clang.ActiveCfg = ReleaseDX11-clang|x64
		{A9FBEE41-CDD8-454E-BBFA-56FE3BAED8DB}.Release|clang.Build.0 = ReleaseDX11-clang|x64
		{A9FBEE41-CDD8-454E-BBFA-56FE3BAED8DB}.Release|DirectX11.ActiveCfg = ReleaseDX11|x64
		{A9FBEE41-CDD8-454E-BBFA-56FE3BAED8DB}.Release|DirectX11.Build.0 = ReleaseDX11|x64
		{A9FBEE41-CDD8-454E-BBFA-56FE3BAED8DB}.Release|x64.ActiveCfg = ReleaseDX11|x64
		{A9FBEE41-CDD8-454E-BBFA-56FE3BAED8DB}.Release|x64.Build.0 = ReleaseDX11|x64
		{A9FBEE41-CDD8-454E-BBFA-56FE3BAED8DB}.Release|x86.ActiveCfg = ReleaseDX11|Win32
		{A9FBEE41-CDD8-454E-BBFA-56FE3BAED8DB}.Release|x86.Build.0 = ReleaseDX11|Win32
		{B2D25DFE-6A42-426A-9B0A-55E578EFC805}.Debug|ARM.ActiveCfg = ReleaseDX11|Win32
		{B2D25DFE-6A42-426A-9B0A-55E578EFC805}.Debug|ARM.Build.0 = ReleaseDX11|Win32
		{B2D25DFE-6A42-426A-9B0A-55E578EFC805}.Debug|clang.ActiveCfg = DebugDX11-clang|x64
		{B2D25DFE-6A42-426A-9B0A-55E578EFC805}.Debug|clang.Build.0 = DebugDX11-clang|x64
		{B2D25DFE-6A42-426A-9B0A-55E578EFC805}.Debug|DirectX11.ActiveCfg = DebugDX11|x64
		{B2D25DFE-6A42-426A-9B0A-55E578EFC805}.Debug|DirectX11.Build.0 = DebugDX11|x64
		{B2D25DFE-6A42-426A-9B0A-55E578EFC805}.Debug|x64.ActiveCfg = DebugDX11|x64
		{B2D25DFE-6A42-426A-9B0A-55E578EFC805}.Debug|x64.Build.0 = DebugDX11|x64
		{B2D25DFE-6A42-426A-9B0A-55E578EFC805}.Debug|x86.ActiveCfg = DebugDX11|Win32
		{B2D25DFE-6A42-426A-9B0A-55E578EFC805}.Debug|x86.Build.0 = DebugDX11|Win32
		{B2D25DFE-6A42-426A-9B0A-55E578EFC805}.Release|ARM.ActiveCfg = ReleaseDX11|Win32
		{B2D25DFE-6A42-426A-9B0A-55E578EFC805}.Release|ARM.Build.0 = ReleaseDX11|Win32
		{B2D25DFE-6A42-426A-9B0A-55E578EFC805}.Release|clang.ActiveCfg = ReleaseDX11-clang|x64
		{B2D25DFE-6A42-426A-9B0A-55E578EFC805}.Release|clang.Build.0 = ReleaseDX11-clang|x64
		{B2D25DFE-6A42-426A-9B0A-55E578EFC805}.Release|DirectX11.ActiveCfg = ReleaseDX11|x64
		{B2D25DFE-6A42-426A-9B0A-55E578EFC805}.Release|DirectX11.Build.0 = ReleaseDX11|x64
		{B2D25DFE-6A42-426A-9B0A-55E578EFC805}.Release|x64.ActiveCfg = ReleaseDX11|x64
		{B2D25DFE-6A42-426A-9B0A-55E578EFC805}.Release|x64.Build.0 = ReleaseDX11|x64
		{B2D25DFE-6A42-426A-9B0A-55E578EFC805}.Release|x86.ActiveCfg = ReleaseDX11|Win32
		{B2D25DFE-6A42-426A-9B0A-55E578EFC805}.Release|x86.Build.0 = ReleaseDX11|Win32
		{12EC73FB-413B-406C-8B2F-0220EF3C9988}.Debug|ARM.ActiveCfg = Debug|ORBIS
		{12EC73FB-413B-406C-8B2F-0220EF3C9988}.Debug|clang.ActiveCfg = Debug|ORBIS
		{12EC73FB-413B-406C-8B2F-0220EF3C9988}.Debug|DirectX11.ActiveCfg = Debug|ORBIS
		{12EC73FB-413B-406C-8B2F-0220EF3C9988}.Debug|DirectX11.Build.0 = Debug|ORBIS
		{12EC73FB-413B-406C-8B2F-0220EF3C9988}.Debug|x64.ActiveCfg = Debug|ORBIS
		{12EC73FB-413B-406C-8B2F-0220EF3C9988}.Debug|x86.ActiveCfg = Debug|ORBIS
		{12EC73FB-413B-406C-8B2F-0220EF3C9988}.Release|ARM.ActiveCfg = Release|ORBIS
		{12EC73FB-413B-406C-8B2F-0220EF3C9988}.Release|clang.ActiveCfg = Release|ORBIS
		{12EC73FB-413B-406C-8B2F-0220EF3C9988}.Release|DirectX11.ActiveCfg = Release|ORBIS
		{12EC73FB-413B-406C-8B2F-0220EF3C9988}.Release|DirectX11.Build.0 = Release|ORBIS
		{12EC73FB-413B-406C-8B2F-0220EF3C9988}.Release|x64.ActiveCfg = Release|ORBIS
		{12EC73FB-413B-406C-8B2F-0220EF3C9988}.Release|x86.ActiveCfg = Release|ORBIS
		{5D3241C2-DC0B-4036-A36F-2261ECF45D7F}.Debug|ARM.ActiveCfg = ReleaseDX11|Win32
		{5D3241C2-DC0B-4036-A36F-2261ECF45D7F}.Debug|ARM.Build.0 = ReleaseDX11|Win32
		{5D3241C2-DC0B-4036-A36F-2261ECF45D7F}.Debug|clang.ActiveCfg = DebugDX11-clang|x64
		{5D3241C2-DC0B-4036-A36F-2261ECF45D7F}.Debug|clang.Build.0 = DebugDX11-clang|x64
		{5D3241C2-DC0B-4036-A36F-2261ECF45D7F}.Debug|DirectX11.ActiveCfg = DebugDX11|x64
		{5D3241C2-DC0B-4036-A36F-2261ECF45D7F}.Debug|DirectX11.Build.0 = DebugDX11|x64
		{5D3241C2-DC0B-4036-A36F-2261ECF45D7F}.Debug|x64.ActiveCfg = DebugDX11|x64
		{5D3241C2-DC0B-4036-A36F-2261ECF45D7F}.Debug|x64.Build.0 = DebugDX11|x64
		{5D3241C2-DC0B-4036-A36F-2261ECF45D7F}.Debug|x86.ActiveCfg = DebugDX11|Win32
		{5D3241C2-DC0B-4036-A36F-2261ECF45D7F}.Debug|x86.Build.0 = DebugDX11|Win32
		{5D3241C2-DC0B-4036-A36F-2261ECF45D7F}.Release|ARM.ActiveCfg = ReleaseDX11|Win32
		{5D3241C2-DC0B-4036-A36F-2261ECF45D7F}.Release|ARM.Build.0 = ReleaseDX11|Win32
		{5D3241C2-DC0B-4036-A36F-2261ECF45D7F}.Release|clang.ActiveCfg = ReleaseDX11-clang|x64
		{5D3241C2-DC0B-4036-A36F-2261ECF45D7F}.Release|clang.Build.0 = ReleaseDX11-clang|x64
		{5D3241C2-DC0B-4036-A36F-2261ECF45D7F}.Release|DirectX11.ActiveCfg = ReleaseDX11|x64
		{5D3241C2-DC0B-4036-A36F-2261ECF45D7F}.Release|DirectX11.Build.0 = ReleaseDX11|x64
		{5D3241C2-DC0B-4036-A36F-2261ECF45D7F}.Release|x64.ActiveCfg = ReleaseDX11|x64
		{5D3241C2-DC0B-4036-A36F-2261ECF45D7F}.Release|x64.Build.0 = ReleaseDX11|x64
		{5D3241C2-DC0B-4036-A36F-2261ECF45D7F}.Release|x86.ActiveCfg = ReleaseDX11|Win32
		{5D3241C2-DC0B-4036-A36F-2261ECF45D7F}.Release|x86.Build.0 = ReleaseDX11|Win32
		{9C7F3185-6E22-4371-9111-7DD198349FB5}.Debug|ARM.ActiveCfg = Debug|Win32
		{9C7F3185-6E22-4371-9111-7DD198349FB5}.Debug|clang.ActiveCfg = Debug-clang|x64
		{9C7F3185-6E22-4371-9111-7DD198349FB5}.Debug|clang.Build.0 = Debug-clang|x64
		{9C7F3185-6E22-4371-9111-7DD198349FB5}.Debug|clang.Deploy.0 = Debug-clang|x64
		{9C7F3185-6E22-4371-9111-7DD198349FB5}.Debug|DirectX11.ActiveCfg = Debug|x64
		{9C7F3185-6E22-4371-9111-7DD198349FB5}.Debug|DirectX11.Build.0 = Debug|x64
		{9C7F3185-6E22-4371-9111-7DD198349FB5}.Debug|x64.ActiveCfg = Debug|x64
		{9C7F3185-6E22-4371-9111-7DD198349FB5}.Debug|x64.Build.0 = Debug|x64
		{9C7F3185-6E22-4371-9111-7DD198349FB5}.Debug|x64.Deploy.0 = Debug|x64
		{9C7F3185-6E22-4371-9111-7DD198349FB5}.Debug|x86.ActiveCfg = Debug|Win32
		{9C7F3185-6E22-4371-9111-7DD198349FB5}.Debug|x86.Build.0 = Debug|Win32
		{9C7F3185-6E22-4371-9111-7DD198349FB5}.Debug|x86.Deploy.0 = Debug|Win32
		{9C7F3185-6E22-4371-9111-7DD198349FB5}.Release|ARM.ActiveCfg = Release|Win32
		{9C7F3185-6E22-4371-9111-7DD198349FB5}.Release|clang.ActiveCfg = Release-clang|x64
		{9C7F3185-6E22-4371-9111-7DD198349FB5}.Release|clang.Build.0 = Release-clang|x64
		{9C7F3185-6E22-4371-9111-7DD198349FB5}.Release|clang.Deploy.0 = Release-clang|x64
		{9C7F3185-6E22-4371-9111-7DD198349FB5}.Release|DirectX11.ActiveCfg = Release|x64
		{9C7F3185-6E22-4371-9111-7DD198349FB5}.Release|DirectX11.Build.0 = Release|x64
		{9C7F3185-6E22-4371-9111-7DD198349FB5}.Release|x64.ActiveCfg = Release|x64
		{9C7F3185-6E22-4371-9111-7DD198349FB5}.Release|x64.Build.0 = Release|x64
		{9C7F3185-6E22-4371-9111-7DD198349FB5}.Release|x64.Deploy.0 = Release|x64
		{9C7F3185-6E22-4371-9111-7DD198349FB5}.Release|x86.ActiveCfg = Release|Win32
		{9C7F3185-6E22-4371-9111-7DD198349FB5}.Release|x86.Build.0 = Release|Win32
		{9C7F3185-6E22-4371-9111-7DD198349FB5}.Release|x86.Deploy.0 = Release|Win32
		{63FFE154-CB02-4A3E-B1DD-09E76C2BAFDA}.Debug|ARM.ActiveCfg = Debug|ORBIS
		{63FFE154-CB02-4A3E-B1DD-09E76C2BAFDA}.Debug|clang.ActiveCfg = Debug|ORBIS
		{63FFE154-CB02-4A3E-B1DD-09E76C2BAFDA}.Debug|DirectX11.ActiveCfg = Debug|ORBIS
		{63FFE154-CB02-4A3E-B1DD-09E76C2BAFDA}.Debug|x64.ActiveCfg = Debug|ORBIS
		{63FFE154-CB02-4A3E-B1DD-09E76C2BAFDA}.Debug|x86.ActiveCfg = Debug|ORBIS
		{63FFE154-CB02-4A3E-B1DD-09E76C2BAFDA}.Release|ARM.ActiveCfg = Release|ORBIS
		{63FFE154-CB02-4A3E-B1DD-09E76C2BAFDA}.Release|clang.ActiveCfg = Release|ORBIS
		{63FFE154-CB02-4A3E-B1DD-09E76C2BAFDA}.Release|DirectX11.ActiveCfg = Release|ORBIS
		{63FFE154-CB02-4A3E-B1DD-09E76C2BAFDA}.Release|x64.ActiveCfg = Release|ORBIS
		{63FFE154-CB02-4A3E-B1DD-09E76C2BAFDA}.Release|x86.ActiveCfg = Release|ORBIS
		{46314FDC-1F1B-4EE2-ACD2-621A4E4891FE}.Debug|ARM.ActiveCfg = ReleaseDX11|Win32
		{46314FDC-1F1B-4EE2-ACD2-621A4E4891FE}.Debug|ARM.Build.0 = ReleaseDX11|Win32
		{46314FDC-1F1B-4EE2-ACD2-621A4E4891FE}.Debug|clang.ActiveCfg = DebugDX11-clang|x64
		{46314FDC-1F1B-4EE2-ACD2-621A4E4891FE}.Debug|clang.Build.0 = DebugDX11-clang|x64
		{46314FDC-1F1B-4EE2-ACD2-621A4E4891FE}.Debug|DirectX11.ActiveCfg = DebugDX11|x64
		{46314FDC-1F1B-4EE2-ACD2-621A4E4891FE}.Debug|DirectX11.Build.0 = DebugDX11|x64
		{46314FDC-1F1B-4EE2-ACD2-621A4E4891FE}.Debug|x64.ActiveCfg = DebugDX11|x64
		{46314FDC-1F1B-4EE2-ACD2-621A4E4891FE}.Debug|x64.Build.0 = DebugDX11|x64
		{46314FDC-1F1B-4EE2-ACD2-621A4E4891FE}.Debug|x86.ActiveCfg = DebugDX11|Win32
		{46314FDC-1F1B-4EE2-ACD2-621A4E4891FE}.Debug|x86.Build.0 = DebugDX11|Win32
		{46314FDC-1F1B-4EE2-ACD2-621A4E4891FE}.Release|ARM.ActiveCfg = ReleaseDX11|Win32
		{46314FDC-1F1B-4EE2-ACD2-621A4E4891FE}.Release|ARM.Build.0 = ReleaseDX11|Win32
		{46314FDC-1F1B-4EE2-ACD2-621A4E4891FE}.Release|clang.ActiveCfg = ReleaseDX11-clang|x64
		{46314FDC-1F1B-4EE2-ACD2-621A4E4891FE}.Release|clang.Build.0 = ReleaseDX11-clang|x64
		{46314FDC-1F1B-4EE2-ACD2-621A4E4891FE}.Release|DirectX11.ActiveCfg = ReleaseDX11|x64
		{46314FDC-1F1B-4EE2-ACD2-621A4E4891FE}.Release|DirectX11.Build.0 = ReleaseDX11|x64
		{46314FDC-1F1B-4EE2-ACD2-621A4E4891FE}.Release|x64.ActiveCfg = ReleaseDX11|x64
		{46314FDC-1F1B-4EE2-ACD2-621A4E4891FE}.Release|x64.Build.0 = ReleaseDX11|x64
		{46314FDC-1F1B-4EE2-ACD2-621A4E4891FE}.Release|x86.ActiveCfg = ReleaseDX11|Win32
		{46314FDC-1F1B-4EE2-ACD2-621A4E4891FE}.Release|x86.Build.0 = ReleaseDX11|Win32
		{D8A6A236-B32D-4E24-9938-0AF7A0FA7688}.Debug|ARM.ActiveCfg = Debug|Win32
		{D8A6A236-B32D-4E24-9938-0AF7A0FA7688}.Debug|clang.ActiveCfg = Debug|x64
		{D8A6A236-B32D-4E24-9938-0AF7A0FA7688}.Debug|clang.Build.0 = Debug|x64
		{D8A6A236-B32D-4E24-9938-0AF7A0FA7688}.Debug|clang.Deploy.0 = Debug|x64
		{D8A6A236-B32D-4E24-9938-0AF7A0FA7688}.Debug|DirectX11.ActiveCfg = Debug|x64
		{D8A6A236-B32D-4E24-9938-0AF7A0FA7688}.Debug|DirectX11.Build.0 = Debug|x64
		{D8A6A236-B32D-4E24-9938-0AF7A0FA7688}.Debug|x64.ActiveCfg = Debug|x64
		{D8A6A236-B32D-4E24-9938-0AF7A0FA7688}.Debug|x64.Build.0 = Debug|x64
		{D8A6A236-B32D-4E24-9938-0AF7A0FA7688}.Debug|x64.Deploy.0 = Debug|x64
		{D8A6A236-B32D-4E24-9938-0AF7A0FA7688}.Debug|x86.ActiveCfg = Debug|Win32
		{D8A6A236-B32D-4E24-9938-0AF7A0FA7688}.Debug|x86.Build.0 = Debug|Win32
		{D8A6A236-B32D-4E24-9938-0AF7A0FA7688}.Debug|x86.Deploy.0 = Debug|Win32
		{D8A6A236-B32D-4E24-9938-0AF7A0FA7688}.Release|ARM.ActiveCfg = Release|Win32
		{D8A6A236-B32D-4E24-9938-0AF7A0FA7688}.Release|clang.ActiveCfg = Release|x64
		{D8A6A236-B32D-4E24-9938-0AF7A0FA7688}.Release|clang.Build.0 = Release|x64
		{D8A6A236-B32D-4E24-9938-0AF7A0FA7688}.Release|clang.Deploy.0 = Release|x64
		{D8A6A236-B32D-4E24-9938-0AF7A0FA7688}.Release|DirectX11.ActiveCfg = Release|x64
		{D8A6A236-B32D-4E24-9938-0AF7A0FA7688}.Release|DirectX11.Build.0 = Release|x64
		{D8A6A236-B32D-4E24-9938-0AF7A0FA7688}.Release|x64.ActiveCfg = Release|x64
		{D8A6A236-B32D-4E24-9938-0AF7A0FA7688}.Release|x64.Build.0 = Release|x64
		{D8A6A236-B32D-4E24-9938-0AF7A0FA7688}.Release|x64.Deploy.0 = Release|x64
		{D8A6A236-B32D-4E24-9938-0AF7A0FA7688}.Release|x86.ActiveCfg = Release|Win32
		{D8A6A236-B32D-4E24-9938-0AF7A0FA7688}.Release|x86.Build.0 = Release|Win32
		{D8A6A236-B32D-4E24-9938-0AF7A0FA7688}.Release|x86.Deploy.0 = Release|Win32
		{5EE2CA48-2C12-423B-994B-E65E18E34ED1}.Debug|ARM.ActiveCfg = ReleaseDX9|x64
		{5EE2CA48-2C12-423B-994B-E65E18E34ED1}.Debug|ARM.Build.0 = ReleaseDX9|x64
		{5EE2CA48-2C12-423B-994B-E65E18E34ED1}.Debug|ARM.Deploy.0 = ReleaseDX9|x64
		{5EE2CA48-2C12-423B-994B-E65E18E34ED1}.Debug|clang.ActiveCfg = DebugDX11|x64
		{5EE2CA48-2C12-423B-994B-E65E18E34ED1}.Debug|clang.Build.0 = DebugDX11|x64
		{5EE2CA48-2C12-423B-994B-E65E18E34ED1}.Debug|clang.Deploy.0 = DebugDX11|x64
		{5EE2CA48-2C12-423B-994B-E65E18E34ED1}.Debug|DirectX11.ActiveCfg = DebugDX11|x64
		{5EE2CA48-2C12-423B-994B-E65E18E34ED1}.Debug|DirectX11.Build.0 = DebugDX11|x64
		{5EE2CA48-2C12-423B-994B-E65E18E34ED1}.Debug|x64.ActiveCfg = DebugDX11|x64
		{5EE2CA48-2C12-423B-994B-E65E18E34ED1}.Debug|x64.Build.0 = DebugDX11|x64
		{5EE2CA48-2C12-423B-994B-E65E18E34ED1}.Debug|x64.Deploy.0 = DebugDX11|x64
		{5EE2CA48-2C12-423B-994B-E65E18E34ED1}.Debug|x86.ActiveCfg = DebugDX9|Win32
		{5EE2CA48-2C12-423B-994B-E65E18E34ED1}.Debug|x86.Build.0 = DebugDX9|Win32
		{5EE2CA48-2C12-423B-994B-E65E18E34ED1}.Debug|x86.Deploy.0 = DebugDX9|Win32
		{5EE2CA48-2C12-423B-994B-E65E18E34ED1}.Release|ARM.ActiveCfg = ReleaseDX9|x64
		{5EE2CA48-2C12-423B-994B-E65E18E34ED1}.Release|ARM.Build.0 = ReleaseDX9|x64
		{5EE2CA48-2C12-423B-994B-E65E18E34ED1}.Release|ARM.Deploy.0 = ReleaseDX9|x64
		{5EE2CA48-2C12-423B-994B-E65E18E34ED1}.Release|clang.ActiveCfg = ReleaseDX11-clang|x64
		{5EE2CA48-2C12-423B-994B-E65E18E34ED1}.Release|clang.Build.0 = ReleaseDX11-clang|x64
		{5EE2CA48-2C12-423B-994B-E65E18E34ED1}.Release|clang.Deploy.0 = ReleaseDX11-clang|x64
		{5EE2CA48-2C12-423B-994B-E65E18E34ED1}.Release|DirectX11.ActiveCfg = DebugDX9|x64
		{5EE2CA48-2C12-423B-994B-E65E18E34ED1}.Release|DirectX11.Build.0 = DebugDX9|x64
		{5EE2CA48-2C12-423B-994B-E65E18E34ED1}.Release|x64.ActiveCfg = ReleaseDX11|x64
		{5EE2CA48-2C12-423B-994B-E65E18E34ED1}.Release|x64.Build.0 = ReleaseDX11|x64
		{5EE2CA48-2C12-423B-994B-E65E18E34ED1}.Release|x64.Deploy.0 = ReleaseDX11|x64
		{5EE2CA48-2C12-423B-994B-E65E18E34ED1}.Release|x86.ActiveCfg = ReleaseDX9|Win32
		{5EE2CA48-2C12-423B-994B-E65E18E34ED1}.Release|x86.Build.0 = ReleaseDX9|Win32
		{5EE2CA48-2C12-423B-994B-E65E18E34ED1}.Release|x86.Deploy.0 = ReleaseDX9|Win32
		{0A522767-A189-4BDC-9D61-BA30C32C2353}.Debug|ARM.ActiveCfg = ReleaseDX11|x64
		{0A522767-A189-4BDC-9D61-BA30C32C2353}.Debug|ARM.Build.0 = ReleaseDX11|x64
		{0A522767-A189-4BDC-9D61-BA30C32C2353}.Debug|clang.ActiveCfg = DebugDX11-clang|x64
		{0A522767-A189-4BDC-9D61-BA30C32C2353}.Debug|clang.Build.0 = DebugDX11-clang|x64
		{0A522767-A189-4BDC-9D61-BA30C32C2353}.Debug|DirectX11.ActiveCfg = DebugDX11|x64
		{0A522767-A189-4BDC-9D61-BA30C32C2353}.Debug|DirectX11.Build.0 = DebugDX11|x64
		{0A522767-A189-4BDC-9D61-BA30C32C2353}.Debug|x64.ActiveCfg = DebugDX11|x64
		{0A522767-A189-4BDC-9D61-BA30C32C2353}.Debug|x64.Build.0 = DebugDX11|x64
		{0A522767-A189-4BDC-9D61-BA30C32C2353}.Debug|x86.ActiveCfg = DebugDX11|Win32
		{0A522767-A189-4BDC-9D61-BA30C32C2353}.Debug|x86.Build.0 = DebugDX11|Win32
		{0A522767-A189-4BDC-9D61-BA30C32C2353}.Release|ARM.ActiveCfg = ReleaseDX11|x64
		{0A522767-A189-4BDC-9D61-BA30C32C2353}.Release|ARM.Build.0 = ReleaseDX11|x64
		{0A522767-A189-4BDC-9D61-BA30C32C2353}.Release|clang.ActiveCfg = ReleaseDX11-clang|x64
		{0A522767-A189-4BDC-9D61-BA30C32C2353}.Release|clang.Build.0 = ReleaseDX11-clang|x64
		{0A522767-A189-4BDC-9D61-BA30C32C2353}.Release|DirectX11.ActiveCfg = ReleaseDX11|x64
		{0A522767-A189-4BDC-9D61-BA30C32C2353}.Release|DirectX11.Build.0 = ReleaseDX11|x64
		{0A522767-A189-4BDC-9D61-BA30C32C2353}.Release|x64.ActiveCfg = ReleaseDX11|x64
		{0A522767-A189-4BDC-9D61-BA30C32C2353}.Release|x64.Build.0 = ReleaseDX11|x64
		{0A522767-A189-4BDC-9D61-BA30C32C2353}.Release|x86.ActiveCfg = ReleaseDX11|Win32
		{0A522767-A189-4BDC-9D61-BA30C32C2353}.Release|x86.Build.0 = ReleaseDX11|Win32
		{28FB137F-B96C-475D-9257-64CCFCD75A10}.Debug|ARM.ActiveCfg = Debug|Win32
		{28FB137F-B96C-475D-9257-64CCFCD75A10}.Debug|clang.ActiveCfg = Debug|x64
		{28FB137F-B96C-475D-9257-64CCFCD75A10}.Debug|clang.Build.0 = Debug|x64
		{28FB137F-B96C-475D-9257-64CCFCD75A10}.Debug|DirectX11.ActiveCfg = Debug|Win32
		{28FB137F-B96C-475D-9257-64CCFCD75A10}.Debug|x64.ActiveCfg = Debug|x64
		{28FB137F-B96C-475D-9257-64CCFCD75A10}.Debug|x64.Build.0 = Debug|x64
		{28FB137F-B96C-475D-9257-64CCFCD75A10}.Debug|x86.ActiveCfg = Debug|Win32
		{28FB137F-B96C-475D-9257-64CCFCD75A10}.Debug|x86.Build.0 = Debug|Win32
		{28FB137F-B96C-475D-9257-64CCFCD75A10}.Release|ARM.ActiveCfg = Release|Win32
		{28FB137F-B96C-475D-9257-64CCFCD75A10}.Release|clang.ActiveCfg = Release|x64
		{28FB137F-B96C-475D-9257-64CCFCD75A10}.Release|clang.Build.0 = Release|x64
		{28FB137F-B96C-475D-9257-64CCFCD75A10}.Release|DirectX11.ActiveCfg = Release|Win32
		{28FB137F-B96C-475D-9257-64CCFCD75A10}.Release|x64.ActiveCfg = Release|x64
		{28FB137F-B96C-475D-9257-64CCFCD75A10}.Release|x64.Build.0 = Release|x64
		{28FB137F-B96C-475D-9257-64CCFCD75A10}.Release|x86.ActiveCfg = Release|Win32
		{28FB137F-B96C-475D-9257-64CCFCD75A10}.Release|x86.Build.0 = Release|Win32
		{8AA5E8F8-A19D-4504-8C81-31F7742850D7}.Debug|ARM.ActiveCfg = ReleaseDX11|x64
		{8AA5E8F8-A19D-4504-8C81-31F7742850D7}.Debug|ARM.Build.0 = ReleaseDX11|x64
		{8AA5E8F8-A19D-4504-8C81-31F7742850D7}.Debug|clang.ActiveCfg = DebugDX11-clang|x64
		{8AA5E8F8-A19D-4504-8C81-31F7742850D7}.Debug|clang.Build.0 = DebugDX11-clang|x64
		{8AA5E8F8-A19D-4504-8C81-31F7742850D7}.Debug|DirectX11.ActiveCfg = DebugDX11|x64
		{8AA5E8F8-A19D-4504-8C81-31F7742850D7}.Debug|DirectX11.Build.0 = DebugDX11|x64
		{8AA5E8F8-A19D-4504-8C81-31F7742850D7}.Debug|x64.ActiveCfg = DebugDX11|x64
		{8AA5E8F8-A19D-4504-8C81-31F7742850D7}.Debug|x64.Build.0 = DebugDX11|x64
		{8AA5E8F8-A19D-4504-8C81-31F7742850D7}.Debug|x86.ActiveCfg = ReleaseDX11|x64
		{8AA5E8F8-A19D-4504-8C81-31F7742850D7}.Debug|x86.Build.0 = ReleaseDX11|x64
		{8AA5E8F8-A19D-4504-8C81-31F7742850D7}.Release|ARM.ActiveCfg = ReleaseDX11|x64
		{8AA5E8F8-A19D-4504-8C81-31F7742850D7}.Release|ARM.Build.0 = ReleaseDX11|x64
		{8AA5E8F8-A19D-4504-8C81-31F7742850D7}.Release|clang.ActiveCfg = ReleaseDX11-clang|x64
		{8AA5E8F8-A19D-4504-8C81-31F7742850D7}.Release|clang.Build.0 = ReleaseDX11-clang|x64
		{8AA5E8F8-A19D-4504-8C81-31F7742850D7}.Release|DirectX11.ActiveCfg = ReleaseDX11|x64
		{8AA5E8F8-A19D-4504-8C81-31F7742850D7}.Release|DirectX11.Build.0 = ReleaseDX11|x64
		{8AA5E8F8-A19D-4504-8C81-31F7742850D7}.Release|x64.ActiveCfg = ReleaseDX11|x64
		{8AA5E8F8-A19D-4504-8C81-31F7742850D7}.Release|x64.Build.0 = ReleaseDX11|x64
		{8AA5E8F8-A19D-4504-8C81-31F7742850D7}.Release|x86.ActiveCfg = ReleaseDX11|x64
		{8AA5E8F8-A19D-4504-8C81-31F7742850D7}.Release|x86.Build.0 = ReleaseDX11|x64
		{FCC79066-3419-4213-B799-5ABCE19756B2}.Debug|ARM.ActiveCfg = DebugDX11|Win32
		{FCC79066-3419-4213-B799-5ABCE19756B2}.Debug|ARM.Build.0 = DebugDX11|Win32
		{FCC79066-3419-4213-B799-5ABCE19756B2}.Debug|clang.ActiveCfg = DebugDX11-clang|x64
		{FCC79066-3419-4213-B799-5ABCE19756B2}.Debug|clang.Build.0 = DebugDX11-clang|x64
		{FCC79066-3419-4213-B799-5ABCE19756B2}.Debug|DirectX11.ActiveCfg = DebugDX11|x64
		{FCC79066-3419-4213-B799-5ABCE19756B2}.Debug|DirectX11.Build.0 = DebugDX11|x64
		{FCC79066-3419-4213-B799-5ABCE19756B2}.Debug|x64.ActiveCfg = DebugDX11|x64
		{FCC79066-3419-4213-B799-5ABCE19756B2}.Debug|x64.Build.0 = DebugDX11|x64
		{FCC79066-3419-4213-B799-5ABCE19756B2}.Debug|x86.ActiveCfg = DebugDX11|Win32
		{FCC79066-3419-4213-B799-5ABCE19756B2}.Debug|x86.Build.0 = DebugDX11|Win32
		{FCC79066-3419-4213-B799-5ABCE19756B2}.Release|ARM.ActiveCfg = DebugDX11|Win32
		{FCC79066-3419-4213-B799-5ABCE19756B2}.Release|ARM.Build.0 = DebugDX11|Win32
		{FCC79066-3419-4213-B799-5ABCE19756B2}.Release|clang.ActiveCfg = ReleaseDX11-clang|x64
		{FCC79066-3419-4213-B799-5ABCE19756B2}.Release|clang.Build.0 = ReleaseDX11-clang|x64
		{FCC79066-3419-4213-B799-5ABCE19756B2}.Release|DirectX11.ActiveCfg = ReleaseDX11|x64
		{FCC79066-3419-4213-B799-5ABCE19756B2}.Release|DirectX11.Build.0 = ReleaseDX11|x64
		{FCC79066-3419-4213-B799-5ABCE19756B2}.Release|x64.ActiveCfg = ReleaseDX11|x64
		{FCC79066-3419-4213-B799-5ABCE19756B2}.Release|x64.Build.0 = ReleaseDX11|x64
		{FCC79066-3419-4213-B799-5ABCE19756B2}.Release|x86.ActiveCfg = ReleaseDX11|Win32
		{FCC79066-3419-4213-B799-5ABCE19756B2}.Release|x86.Build.0 = ReleaseDX11|Win32
		{0026E7AE-F735-4D2F-96D8-FFBA432EC821}.Debug|ARM.ActiveCfg = Debug|Win32
		{0026E7AE-F735-4D2F-96D8-FFBA432EC821}.Debug|clang.ActiveCfg = Debug|x64
		{0026E7AE-F735-4D2F-96D8-FFBA432EC821}.Debug|clang.Build.0 = Debug|x64
		{0026E7AE-F735-4D2F-96D8-FFBA432EC821}.Debug|DirectX11.ActiveCfg = Debug|Win32
		{0026E7AE-F735-4D2F-96D8-FFBA432EC821}.Debug|x64.ActiveCfg = Debug|x64
		{0026E7AE-F735-4D2F-96D8-FFBA432EC821}.Debug|x64.Build.0 = Debug|x64
		{0026E7AE-F735-4D2F-96D8-FFBA432EC821}.Debug|x86.ActiveCfg = Debug|Win32
		{0026E7AE-F735-4D2F-96D8-FFBA432EC821}.Debug|x86.Build.0 = Debug|Win32
		{0026E7AE-F735-4D2F-96D8-FFBA432EC821}.Release|ARM.ActiveCfg = Release|Win32
		{0026E7AE-F735-4D2F-96D8-FFBA432EC821}.Release|clang.ActiveCfg = Release|x64
		{0026E7AE-F735-4D2F-96D8-FFBA432EC821}.Release|clang.Build.0 = Release|x64
		{0026E7AE-F735-4D2F-96D8-FFBA432EC821}.Release|DirectX11.ActiveCfg = Release|Win32
		{0026E7AE-F735-4D2F-96D8-FFBA432EC821}.Release|x64.ActiveCfg = Release|x64
		{0026E7AE-F735-4D2F-96D8-FFBA432EC821}.Release|x64.Build.0 = Release|x64
		{0026E7AE-F735-4D2F-96D8-FFBA432EC821}.Release|x86.ActiveCfg = Release|Win32
		{0026E7AE-F735-4D2F-96D8-FFBA432EC821}.Release|x86.Build.0 = Release|Win32
		{485A3589-9D67-40FD-AC9F-892B8246DC67}.Debug|ARM.ActiveCfg = Debug|Win32
		{485A3589-9D67-40FD-AC9F-892B8246DC67}.Debug|clang.ActiveCfg = Debug-clang|x64
		{485A3589-9D67-40FD-AC9F-892B8246DC67}.Debug|clang.Build.0 = Debug-clang|x64
		{485A3589-9D67-40FD-AC9F-892B8246DC67}.Debug|DirectX11.ActiveCfg = Debug|Win32
		{485A3589-9D67-40FD-AC9F-892B8246DC67}.Debug|x64.ActiveCfg = Debug|x64
		{485A3589-9D67-40FD-AC9F-892B8246DC67}.Debug|x64.Build.0 = Debug|x64
		{485A3589-9D67-40FD-AC9F-892B8246DC67}.Debug|x86.ActiveCfg = Debug|Win32
		{485A3589-9D67-40FD-AC9F-892B8246DC67}.Debug|x86.Build.0 = Debug|Win32
		{485A3589-9D67-40FD-AC9F-892B8246DC67}.Release|ARM.ActiveCfg = Release|Win32
		{485A3589-9D67-40FD-AC9F-892B8246DC67}.Release|clang.ActiveCfg = Release-clang|x64
		{485A3589-9D67-40FD-AC9F-892B8246DC67}.Release|clang.Build.0 = Release-clang|x64
		{485A3589-9D67-40FD-AC9F-892B8246DC67}.Release|DirectX11.ActiveCfg = Release|Win32
		{485A3589-9D67-40FD-AC9F-892B8246DC67}.Release|x64.ActiveCfg = Release|x64
		{485A3589-9D67-40FD-AC9F-892B8246DC67}.Release|x64.Build.0 = Release|x64
		{485A3589-9D67-40FD-AC9F-892B8246DC67}.Release|x86.ActiveCfg = Release|Win32
		{485A3589-9D67-40FD-AC9F-892B8246DC67}.Release|x86.Build.0 = Release|Win32
	EndGlobalSection
	GlobalSection(SolutionProperties) = preSolution
		HideSolutionNode = FALSE
	EndGlobalSection
	GlobalSection(NestedProjects) = preSolution
		{BC2DCA10-28DA-4532-B584-74A8CE95E7EA} = {609DDA61-903B-4F24-A6AA-1ABF6E9D0EBF}
		{E58A81A3-9B0A-4204-80AF-ECC9312FE963} = {609DDA61-903B-4F24-A6AA-1ABF6E9D0EBF}
		{920134AF-FBF5-4EEF-9445-725DB6065A5A} = {609DDA61-903B-4F24-A6AA-1ABF6E9D0EBF}
		{271FB450-B9D1-45D2-8446-3573B30EA07B} = {609DDA61-903B-4F24-A6AA-1ABF6E9D0EBF}
		{EDE41140-9E35-4D23-BFB0-E16F6B8BA757} = {C49D5BA9-F323-4C26-BB27-6138F946949D}
		{C971A675-EE45-4E9A-89D4-00F613A32FD0} = {C49D5BA9-F323-4C26-BB27-6138F946949D}
		{09AA2ADA-63F2-4D68-BC6D-70B7C9B4AD3A} = {C971A675-EE45-4E9A-89D4-00F613A32FD0}
		{7F3C1FC9-7522-4C8E-BCC9-CD5757D27E8C} = {C49D5BA9-F323-4C26-BB27-6138F946949D}
		{1CC0E985-04E9-4E40-9772-78D78BFE3686} = {7F3C1FC9-7522-4C8E-BCC9-CD5757D27E8C}
		{A9FBEE41-CDD8-454E-BBFA-56FE3BAED8DB} = {EDE41140-9E35-4D23-BFB0-E16F6B8BA757}
		{B2D25DFE-6A42-426A-9B0A-55E578EFC805} = {C971A675-EE45-4E9A-89D4-00F613A32FD0}
		{12EC73FB-413B-406C-8B2F-0220EF3C9988} = {EDE41140-9E35-4D23-BFB0-E16F6B8BA757}
		{AD7F7A9E-CA13-4E51-A09D-C8EE3B0009BA} = {C49D5BA9-F323-4C26-BB27-6138F946949D}
		{5D3241C2-DC0B-4036-A36F-2261ECF45D7F} = {AD7F7A9E-CA13-4E51-A09D-C8EE3B0009BA}
		{9C7F3185-6E22-4371-9111-7DD198349FB5} = {AD7F7A9E-CA13-4E51-A09D-C8EE3B0009BA}
		{63FFE154-CB02-4A3E-B1DD-09E76C2BAFDA} = {EDE41140-9E35-4D23-BFB0-E16F6B8BA757}
		{46314FDC-1F1B-4EE2-ACD2-621A4E4891FE} = {C49D5BA9-F323-4C26-BB27-6138F946949D}
		{D9E8D085-40B3-40C0-876E-18A6F9965E84} = {C49D5BA9-F323-4C26-BB27-6138F946949D}
		{0A522767-A189-4BDC-9D61-BA30C32C2353} = {D9E8D085-40B3-40C0-876E-18A6F9965E84}
		{28FB137F-B96C-475D-9257-64CCFCD75A10} = {676839F4-9916-4A68-A5EC-580C6098F7B7}
		{A8C0C529-2E98-4C8B-8119-F8F846CC816E} = {C49D5BA9-F323-4C26-BB27-6138F946949D}
		{8AA5E8F8-A19D-4504-8C81-31F7742850D7} = {A8C0C529-2E98-4C8B-8119-F8F846CC816E}
		{3543BB45-80AE-4173-B45A-083DA38F5C12} = {C49D5BA9-F323-4C26-BB27-6138F946949D}
		{FCC79066-3419-4213-B799-5ABCE19756B2} = {3543BB45-80AE-4173-B45A-083DA38F5C12}
	EndGlobalSection
	GlobalSection(ExtensibilityGlobals) = postSolution
		SolutionGuid = {66B8F7D3-4040-4491-A6D4-4D74A093DC5B}
	EndGlobalSection
	GlobalSection(SubversionScc) = preSolution
		Svn-Managed = True
		Manager = AnkhSVN2019 - Subversion Support for Visual Studio
	EndGlobalSection
EndGlobal
