<?xml version="1.0" encoding="utf-8"?>
<Project ToolsVersion="4.0" xmlns="http://schemas.microsoft.com/developer/msbuild/2003">
  <ItemGroup>
    <Filter Include="Source Files">
      <UniqueIdentifier>{4FC737F1-C7A5-4376-A066-2A32D752A2FF}</UniqueIdentifier>
      <Extensions>cpp;c;cc;cxx;def;odl;idl;hpj;bat;asm;asmx</Extensions>
    </Filter>
    <Filter Include="Header Files">
      <UniqueIdentifier>{93995380-89BD-4b04-88EB-625FBE52EBFB}</UniqueIdentifier>
      <Extensions>h;hpp;hxx;hm;inl;inc;xsd</Extensions>
    </Filter>
  </ItemGroup>
  <ItemGroup>
    <ClCompile Include="cgclib.cpp">
      <Filter>Source Files</Filter>
    </ClCompile>
    <ClCompile Include="compile.cpp">
      <Filter>Source Files</Filter>
    </ClCompile>
    <ClCompile Include="constfold.cpp">
      <Filter>Source Files</Filter>
    </ClCompile>
    <ClCompile Include="generic_hal.cpp">
      <Filter>Source Files</Filter>
    </ClCompile>
    <ClCompile Include="hal.cpp">
      <Filter>Source Files</Filter>
    </ClCompile>
    <ClCompile Include="inline.cpp">
      <Filter>Source Files</Filter>
    </ClCompile>
    <ClCompile Include="memory.cpp">
      <Filter>Source Files</Filter>
    </ClCompile>
    <ClCompile Include="printutils.cpp">
      <Filter>Source Files</Filter>
    </ClCompile>
    <ClCompile Include="sa.cpp">
      <Filter>Source Files</Filter>
    </ClCompile>
    <ClCompile Include="scanner.cpp">
      <Filter>Source Files</Filter>
    </ClCompile>
    <ClCompile Include="semantic.cpp">
      <Filter>Source Files</Filter>
    </ClCompile>
    <ClCompile Include="support.cpp">
      <Filter>Source Files</Filter>
    </ClCompile>
    <ClCompile Include="symbols.cpp">
      <Filter>Source Files</Filter>
    </ClCompile>
    <ClCompile Include="check.cpp">
      <Filter>Source Files</Filter>
    </ClCompile>
    <ClCompile Include="binding.cpp">
      <Filter>Source Files</Filter>
    </ClCompile>
    <ClCompile Include="atom.cpp">
      <Filter>Source Files</Filter>
    </ClCompile>
    <ClCompile Include="cg.cpp">
      <Filter>Source Files</Filter>
    </ClCompile>
    <ClCompile Include="cpp.cpp">
      <Filter>Source Files</Filter>
    </ClCompile>
    <ClCompile Include="parser.cpp">
      <Filter>Source Files</Filter>
    </ClCompile>
  </ItemGroup>
  <ItemGroup>
    <ClInclude Include="atom.h">
      <Filter>Header Files</Filter>
    </ClInclude>
    <ClInclude Include="binding.h">
      <Filter>Header Files</Filter>
    </ClInclude>
    <ClInclude Include="cgclib.h">
      <Filter>Header Files</Filter>
    </ClInclude>
    <ClInclude Include="compile.h">
      <Filter>Header Files</Filter>
    </ClInclude>
    <ClInclude Include="errors.h">
      <Filter>Header Files</Filter>
    </ClInclude>
    <ClInclude Include="hal.h">
      <Filter>Header Files</Filter>
    </ClInclude>
    <ClInclude Include="memory.h">
      <Filter>Header Files</Filter>
    </ClInclude>
    <ClInclude Include="printutils.h">
      <Filter>Header Files</Filter>
    </ClInclude>
    <ClInclude Include="scanner.h">
      <Filter>Header Files</Filter>
    </ClInclude>
    <ClInclude Include="support.h">
      <Filter>Header Files</Filter>
    </ClInclude>
    <ClInclude Include="symbols.h">
      <Filter>Header Files</Filter>
    </ClInclude>
    <ClInclude Include="parser.hpp">
      <Filter>Header Files</Filter>
    </ClInclude>
    <ClInclude Include="cg.h">
      <Filter>Header Files</Filter>
    </ClInclude>
    <ClInclude Include="cpp.h">
      <Filter>Header Files</Filter>
    </ClInclude>
    <ClInclude Include="generic_hal.h">
      <Filter>Header Files</Filter>
    </ClInclude>
  </ItemGroup>
  <ItemGroup>
    <CustomBuild Include="stdlib.cg" />
    <CustomBuild Include="parser.y" />
  </ItemGroup>
</Project>